
Microsoft Visual Studio Solution File, Format Version 12.00
# Visual Studio Version 17
VisualStudioVersion = 17.1.32210.238
MinimumVisualStudioVersion = 10.0.40219.1
Project("{FAE04EC0-301F-11D3-BF4B-00C04F79EFBC}") = "Session-07", "Session-07\Session-07.csproj", "{95FF26F4-8D35-472E-958D-A10164344098}"
EndProject
Project("{FAE04EC0-301F-11D3-BF4B-00C04F79EFBC}") = "University", "..\University\University\University.csproj", "{6521C436-66FD-407A-ADD9-3C7F547A8747}"
EndProject
Global
	GlobalSection(SolutionConfigurationPlatforms) = preSolution
		Debug|Any CPU = Debug|Any CPU
		Release|Any CPU = Release|Any CPU
	EndGlobalSection
	GlobalSection(ProjectConfigurationPlatforms) = postSolution
		{95FF26F4-8D35-472E-958D-A10164344098}.Debug|Any CPU.ActiveCfg = Debug|Any CPU
		{95FF26F4-8D35-472E-958D-A10164344098}.Debug|Any CPU.Build.0 = Debug|Any CPU
		{95FF26F4-8D35-472E-958D-A10164344098}.Release|Any CPU.ActiveCfg = Release|Any CPU
		{95FF26F4-8D35-472E-958D-A10164344098}.Release|Any CPU.Build.0 = Release|Any CPU
		{6521C436-66FD-407A-ADD9-3C7F547A8747}.Debug|Any CPU.ActiveCfg = Debug|Any CPU
		{6521C436-66FD-407A-ADD9-3C7F547A8747}.Debug|Any CPU.Build.0 = Debug|Any CPU
		{6521C436-66FD-407A-ADD9-3C7F547A8747}.Release|Any CPU.ActiveCfg = Release|Any CPU
		{6521C436-66FD-407A-ADD9-3C7F547A8747}.Release|Any CPU.Build.0 = Release|Any CPU
	EndGlobalSection
	GlobalSection(SolutionProperties) = preSolution
		HideSolutionNode = FALSE
	EndGlobalSection
	GlobalSection(ExtensibilityGlobals) = postSolution
		SolutionGuid = {3B7AF273-3D37-4B37-B0BE-738EACB95603}
	EndGlobalSection
EndGlobal
